
Microsoft Visual Studio Solution File, Format Version 12.00
# Visual Studio Version 17
VisualStudioVersion = 17.9.34607.119
MinimumVisualStudioVersion = 10.0.40219.1
Project("{FAE04EC0-301F-11D3-BF4B-00C04F79EFBC}") = "EBoard", "EBoard.csproj", "{2B70E833-3AFB-4ED9-9CA6-1EE83A80DFF2}"
EndProject
Global
	GlobalSection(SolutionConfigurationPlatforms) = preSolution
		Debug|Any CPU = Debug|Any CPU
		Release|Any CPU = Release|Any CPU
	EndGlobalSection
	GlobalSection(ProjectConfigurationPlatforms) = postSolution
		{2B70E833-3AFB-4ED9-9CA6-1EE83A80DFF2}.Debug|Any CPU.ActiveCfg = Debug|Any CPU
		{2B70E833-3AFB-4ED9-9CA6-1EE83A80DFF2}.Debug|Any CPU.Build.0 = Debug|Any CPU
		{2B70E833-3AFB-4ED9-9CA6-1EE83A80DFF2}.Release|Any CPU.ActiveCfg = Release|Any CPU
		{2B70E833-3AFB-4ED9-9CA6-1EE83A80DFF2}.Release|Any CPU.Build.0 = Release|Any CPU
	EndGlobalSection
	GlobalSection(SolutionProperties) = preSolution
		HideSolutionNode = FALSE
	EndGlobalSection
	GlobalSection(ExtensibilityGlobals) = postSolution
		SolutionGuid = {54CB9723-E898-4D44-933F-74104166CD71}
	EndGlobalSection
EndGlobal
