
Microsoft Visual Studio Solution File, Format Version 12.00
# Visual Studio Version 17
VisualStudioVersion = 17.9.34607.119
MinimumVisualStudioVersion = 10.0.40219.1
Project("{FAE04EC0-301F-11D3-BF4B-00C04F79EFBC}") = "EBoard", "EBoard.csproj", "{2B70E833-3AFB-4ED9-9CA6-1EE83A80DFF2}"
EndProject
Project("{2150E333-8FDC-42A3-9474-1A3956D46DE8}") = "ElementPlugins", "ElementPlugins", "{02EA681E-C7D8-13C7-8484-4AC65E1B71E8}"
EndProject
Project("{FAE04EC0-301F-11D3-BF4B-00C04F79EFBC}") = "EBoardElementPluginLinker", "..\EBoardElementLinkPlugin\EBoardElementPluginLinker.csproj", "{D4F58E84-CB8F-44A9-9545-62B5CAE849B5}"
EndProject
Project("{FAE04EC0-301F-11D3-BF4B-00C04F79EFBC}") = "EBoardSDK", "..\EBoardSDK\EBoardSDK.csproj", "{728C162A-9CBB-4B37-8B7B-153921E5BF08}"
EndProject
Project("{FAE04EC0-301F-11D3-BF4B-00C04F79EFBC}") = "EBoardConfigManager", "..\EBoardConfigManager\EBoardConfigManager.csproj", "{2DB73B81-7549-4A18-B810-32B422216A7D}"
EndProject
Project("{FAE04EC0-301F-11D3-BF4B-00C04F79EFBC}") = "EEP_ResistorCalculator", "..\__EboardElementPlugins\EEP_ResistorCalculator\EEP_ResistorCalculator\EEP_ResistorCalculator.csproj", "{DB1BB774-174B-C369-5794-61412EF9D0FC}"
EndProject
Project("{FAE04EC0-301F-11D3-BF4B-00C04F79EFBC}") = "EBoardElementPluginBudgeteer", "..\EBoardElementPluginBudgeteer\EBoardElementPluginBudgeteer\EBoardElementPluginBudgeteer.csproj", "{C7822CE4-FF97-5BF6-8755-132AD86F96BB}"
EndProject
Project("{FAE04EC0-301F-11D3-BF4B-00C04F79EFBC}") = "EBoardElementPluginCommand", "..\EBoardElementPluginCommand\EBoardElementPluginCommand\EBoardElementPluginCommand.csproj", "{85615D56-7F3C-CF88-E69D-5A1118EF3C73}"
EndProject
Project("{FAE04EC0-301F-11D3-BF4B-00C04F79EFBC}") = "EboardElementPluginCountDownTimer", "..\EboardElementPluginCountDownTimer\EboardElementPluginCountDownTimer\EboardElementPluginCountDownTimer.csproj", "{0B05B0A7-3494-5179-42F2-4A6788C1C090}"
EndProject
Project("{FAE04EC0-301F-11D3-BF4B-00C04F79EFBC}") = "EBoardElementPluginMyNote", "..\EBoardElementPluginMyNote\EBoardElementPluginMyNote\EBoardElementPluginMyNote.csproj", "{5AB2C085-078E-6AF4-9058-84245ACDA4F6}"
EndProject
Project("{FAE04EC0-301F-11D3-BF4B-00C04F79EFBC}") = "EEP_BudgetWatcher", "..\__EboardElementPlugins\EEP_BudgetWatcher\EEP_BudgetWatcher\EEP_BudgetWatcher.csproj", "{98834795-647F-8A5C-5120-92309E51271F}"
EndProject
Project("{FAE04EC0-301F-11D3-BF4B-00C04F79EFBC}") = "BudgetManagement", "..\..\###SmallProjects2025\Budgeteer\BudgetManagementModule\BudgetManagement.csproj", "{403D35B5-E724-2523-AF4C-5837D3842141}"
EndProject
Global
	GlobalSection(SolutionConfigurationPlatforms) = preSolution
		Debug|Any CPU = Debug|Any CPU
		Release|Any CPU = Release|Any CPU
	EndGlobalSection
	GlobalSection(ProjectConfigurationPlatforms) = postSolution
		{2B70E833-3AFB-4ED9-9CA6-1EE83A80DFF2}.Debug|Any CPU.ActiveCfg = Debug|Any CPU
		{2B70E833-3AFB-4ED9-9CA6-1EE83A80DFF2}.Debug|Any CPU.Build.0 = Debug|Any CPU
		{2B70E833-3AFB-4ED9-9CA6-1EE83A80DFF2}.Release|Any CPU.ActiveCfg = Release|Any CPU
		{2B70E833-3AFB-4ED9-9CA6-1EE83A80DFF2}.Release|Any CPU.Build.0 = Release|Any CPU
		{D4F58E84-CB8F-44A9-9545-62B5CAE849B5}.Debug|Any CPU.ActiveCfg = Debug|Any CPU
		{D4F58E84-CB8F-44A9-9545-62B5CAE849B5}.Debug|Any CPU.Build.0 = Debug|Any CPU
		{D4F58E84-CB8F-44A9-9545-62B5CAE849B5}.Release|Any CPU.ActiveCfg = Release|Any CPU
		{D4F58E84-CB8F-44A9-9545-62B5CAE849B5}.Release|Any CPU.Build.0 = Release|Any CPU
		{728C162A-9CBB-4B37-8B7B-153921E5BF08}.Debug|Any CPU.ActiveCfg = Debug|Any CPU
		{728C162A-9CBB-4B37-8B7B-153921E5BF08}.Debug|Any CPU.Build.0 = Debug|Any CPU
		{728C162A-9CBB-4B37-8B7B-153921E5BF08}.Release|Any CPU.ActiveCfg = Release|Any CPU
		{728C162A-9CBB-4B37-8B7B-153921E5BF08}.Release|Any CPU.Build.0 = Release|Any CPU
		{2DB73B81-7549-4A18-B810-32B422216A7D}.Debug|Any CPU.ActiveCfg = Debug|Any CPU
		{2DB73B81-7549-4A18-B810-32B422216A7D}.Debug|Any CPU.Build.0 = Debug|Any CPU
		{2DB73B81-7549-4A18-B810-32B422216A7D}.Release|Any CPU.ActiveCfg = Release|Any CPU
		{2DB73B81-7549-4A18-B810-32B422216A7D}.Release|Any CPU.Build.0 = Release|Any CPU
		{DB1BB774-174B-C369-5794-61412EF9D0FC}.Debug|Any CPU.ActiveCfg = Debug|Any CPU
		{DB1BB774-174B-C369-5794-61412EF9D0FC}.Debug|Any CPU.Build.0 = Debug|Any CPU
		{DB1BB774-174B-C369-5794-61412EF9D0FC}.Release|Any CPU.ActiveCfg = Release|Any CPU
		{DB1BB774-174B-C369-5794-61412EF9D0FC}.Release|Any CPU.Build.0 = Release|Any CPU
		{C7822CE4-FF97-5BF6-8755-132AD86F96BB}.Debug|Any CPU.ActiveCfg = Debug|Any CPU
		{C7822CE4-FF97-5BF6-8755-132AD86F96BB}.Debug|Any CPU.Build.0 = Debug|Any CPU
		{C7822CE4-FF97-5BF6-8755-132AD86F96BB}.Release|Any CPU.ActiveCfg = Release|Any CPU
		{C7822CE4-FF97-5BF6-8755-132AD86F96BB}.Release|Any CPU.Build.0 = Release|Any CPU
		{85615D56-7F3C-CF88-E69D-5A1118EF3C73}.Debug|Any CPU.ActiveCfg = Debug|Any CPU
		{85615D56-7F3C-CF88-E69D-5A1118EF3C73}.Debug|Any CPU.Build.0 = Debug|Any CPU
		{85615D56-7F3C-CF88-E69D-5A1118EF3C73}.Release|Any CPU.ActiveCfg = Release|Any CPU
		{85615D56-7F3C-CF88-E69D-5A1118EF3C73}.Release|Any CPU.Build.0 = Release|Any CPU
		{0B05B0A7-3494-5179-42F2-4A6788C1C090}.Debug|Any CPU.ActiveCfg = Debug|Any CPU
		{0B05B0A7-3494-5179-42F2-4A6788C1C090}.Debug|Any CPU.Build.0 = Debug|Any CPU
		{0B05B0A7-3494-5179-42F2-4A6788C1C090}.Release|Any CPU.ActiveCfg = Release|Any CPU
		{0B05B0A7-3494-5179-42F2-4A6788C1C090}.Release|Any CPU.Build.0 = Release|Any CPU
		{5AB2C085-078E-6AF4-9058-84245ACDA4F6}.Debug|Any CPU.ActiveCfg = Debug|Any CPU
		{5AB2C085-078E-6AF4-9058-84245ACDA4F6}.Debug|Any CPU.Build.0 = Debug|Any CPU
		{5AB2C085-078E-6AF4-9058-84245ACDA4F6}.Release|Any CPU.ActiveCfg = Release|Any CPU
		{5AB2C085-078E-6AF4-9058-84245ACDA4F6}.Release|Any CPU.Build.0 = Release|Any CPU
		{98834795-647F-8A5C-5120-92309E51271F}.Debug|Any CPU.ActiveCfg = Debug|Any CPU
		{98834795-647F-8A5C-5120-92309E51271F}.Debug|Any CPU.Build.0 = Debug|Any CPU
		{98834795-647F-8A5C-5120-92309E51271F}.Release|Any CPU.ActiveCfg = Release|Any CPU
		{98834795-647F-8A5C-5120-92309E51271F}.Release|Any CPU.Build.0 = Release|Any CPU
		{403D35B5-E724-2523-AF4C-5837D3842141}.Debug|Any CPU.ActiveCfg = Debug|Any CPU
		{403D35B5-E724-2523-AF4C-5837D3842141}.Debug|Any CPU.Build.0 = Debug|Any CPU
		{403D35B5-E724-2523-AF4C-5837D3842141}.Release|Any CPU.ActiveCfg = Release|Any CPU
		{403D35B5-E724-2523-AF4C-5837D3842141}.Release|Any CPU.Build.0 = Release|Any CPU
	EndGlobalSection
	GlobalSection(SolutionProperties) = preSolution
		HideSolutionNode = FALSE
	EndGlobalSection
	GlobalSection(NestedProjects) = preSolution
		{D4F58E84-CB8F-44A9-9545-62B5CAE849B5} = {02EA681E-C7D8-13C7-8484-4AC65E1B71E8}
		{DB1BB774-174B-C369-5794-61412EF9D0FC} = {02EA681E-C7D8-13C7-8484-4AC65E1B71E8}
		{C7822CE4-FF97-5BF6-8755-132AD86F96BB} = {02EA681E-C7D8-13C7-8484-4AC65E1B71E8}
		{85615D56-7F3C-CF88-E69D-5A1118EF3C73} = {02EA681E-C7D8-13C7-8484-4AC65E1B71E8}
		{0B05B0A7-3494-5179-42F2-4A6788C1C090} = {02EA681E-C7D8-13C7-8484-4AC65E1B71E8}
		{5AB2C085-078E-6AF4-9058-84245ACDA4F6} = {02EA681E-C7D8-13C7-8484-4AC65E1B71E8}
		{98834795-647F-8A5C-5120-92309E51271F} = {02EA681E-C7D8-13C7-8484-4AC65E1B71E8}
	EndGlobalSection
	GlobalSection(ExtensibilityGlobals) = postSolution
		SolutionGuid = {54CB9723-E898-4D44-933F-74104166CD71}
	EndGlobalSection
EndGlobal
